<?xml version="1.0" encoding="utf-8"?>
<Project ToolsVersion="4.0" xmlns="http://schemas.microsoft.com/developer/msbuild/2003">
  <ItemGroup>
    <Filter Include="Buffers">
      <UniqueIdentifier>{92479EF4-FE26-1D90-073F-A866739D83F1}</UniqueIdentifier>
    </Filter>
    <Filter Include="Camera">
      <UniqueIdentifier>{CE7141AB-BA13-6C81-A3CE-7FD58F0FF3D1}</UniqueIdentifier>
    </Filter>
    <Filter Include="Core">
      <UniqueIdentifier>{2EB4837C-1AEB-840D-C3D7-6A10AFED000F}</UniqueIdentifier>
    </Filter>
    <Filter Include="Window">
      <UniqueIdentifier>{3DEA79DA-298C-A4B0-1247-B804FE872B01}</UniqueIdentifier>
    </Filter>
  </ItemGroup>
  <ItemGroup>
    <ClInclude Include="Sources\Buffers\ElementBuffer.h">
      <Filter>Buffers</Filter>
    </ClInclude>
    <ClInclude Include="Sources\Buffers\VertexBuffer.h">
      <Filter>Buffers</Filter>
    </ClInclude>
    <ClInclude Include="Sources\Camera\Camera.h">
      <Filter>Camera</Filter>
    </ClInclude>
    <ClInclude Include="Sources\Camera\OrthographicCamera.h">
      <Filter>Camera</Filter>
    </ClInclude>
    <ClInclude Include="Sources\Camera\PerspectiveCamera.h">
      <Filter>Camera</Filter>
    </ClInclude>
    <ClInclude Include="Sources\Core\Logger.h">
      <Filter>Core</Filter>
    </ClInclude>
    <ClInclude Include="Sources\Core\Mesh.h">
      <Filter>Core</Filter>
    </ClInclude>
    <ClInclude Include="Sources\Core\Model.h">
      <Filter>Core</Filter>
    </ClInclude>
    <ClInclude Include="Sources\Core\OpenGL.h">
      <Filter>Core</Filter>
    </ClInclude>
    <ClInclude Include="Sources\Core\Primitives.h">
      <Filter>Core</Filter>
    </ClInclude>
    <ClInclude Include="Sources\Core\Shader.h">
      <Filter>Core</Filter>
    </ClInclude>
    <ClInclude Include="Sources\Core\Texture.h">
      <Filter>Core</Filter>
    </ClInclude>
    <ClInclude Include="Sources\Core\TimeStep.h">
      <Filter>Core</Filter>
    </ClInclude>
    <ClInclude Include="Sources\Core\Utilities.h">
      <Filter>Core</Filter>
    </ClInclude>
    <ClInclude Include="Sources\Core\VertexArray.h">
      <Filter>Core</Filter>
    </ClInclude>
    <ClInclude Include="Sources\Main.h" />
    <ClInclude Include="Sources\Window\Window.h">
      <Filter>Window</Filter>
    </ClInclude>
    <ClInclude Include="Sources\Scene\Entity.h" />
    <ClInclude Include="Sources\Scene\Player.h" />
    <ClInclude Include="Sources\Scene\Scene.h" />
  </ItemGroup>
  <ItemGroup>
    <ClCompile Include="Sources\Buffers\ElementBuffer.cpp">
      <Filter>Buffers</Filter>
    </ClCompile>
    <ClCompile Include="Sources\Buffers\VertexBuffer.cpp">
      <Filter>Buffers</Filter>
    </ClCompile>
    <ClCompile Include="Sources\Camera\Camera.cpp">
      <Filter>Camera</Filter>
    </ClCompile>
    <ClCompile Include="Sources\Camera\OrthographicCamera.cpp">
      <Filter>Camera</Filter>
    </ClCompile>
    <ClCompile Include="Sources\Camera\PerspectiveCamera.cpp">
      <Filter>Camera</Filter>
    </ClCompile>
    <ClCompile Include="Sources\Core\Logger.cpp">
      <Filter>Core</Filter>
    </ClCompile>
    <ClCompile Include="Sources\Core\Mesh.cpp">
      <Filter>Core</Filter>
    </ClCompile>
    <ClCompile Include="Sources\Core\Model.cpp">
      <Filter>Core</Filter>
    </ClCompile>
    <ClCompile Include="Sources\Core\OpenGL.cpp">
      <Filter>Core</Filter>
    </ClCompile>
    <ClCompile Include="Sources\Core\Shader.cpp">
      <Filter>Core</Filter>
    </ClCompile>
    <ClCompile Include="Sources\Core\Texture.cpp">
      <Filter>Core</Filter>
    </ClCompile>
    <ClCompile Include="Sources\Core\Utilities.cpp">
      <Filter>Core</Filter>
    </ClCompile>
    <ClCompile Include="Sources\Core\VertexArray.cpp">
      <Filter>Core</Filter>
    </ClCompile>
    <ClCompile Include="Sources\Main.cpp" />
    <ClCompile Include="Sources\Window\Window.cpp">
      <Filter>Window</Filter>
    </ClCompile>
    <ClCompile Include="Sources\Window\WindowCallback.cpp">
      <Filter>Window</Filter>
    </ClCompile>
    <ClCompile Include="Sources\Scene\Entity.cpp" />
    <ClCompile Include="Sources\Scene\Player.cpp" />
    <ClCompile Include="Sources\Scene\Scene.cpp" />
  </ItemGroup>
</Project>